
Microsoft Visual Studio Solution File, Format Version 12.00
# Visual Studio Version 16
VisualStudioVersion = 16.0.30309.148
MinimumVisualStudioVersion = 10.0.40219.1
Project("{FAE04EC0-301F-11D3-BF4B-00C04F79EFBC}") = "CorePractice", "CorePractice\CorePractice.csproj", "{3EE910D8-0B1D-4DDE-86F8-F9E198B41368}"
EndProject
Project("{FAE04EC0-301F-11D3-BF4B-00C04F79EFBC}") = "CorePractice.Model", "CorePractice.Model\CorePractice.Model.csproj", "{7C417F34-A6A2-466F-B997-A9E68A8BF1C9}"
EndProject
Global
	GlobalSection(SolutionConfigurationPlatforms) = preSolution
		Debug|Any CPU = Debug|Any CPU
		Release|Any CPU = Release|Any CPU
	EndGlobalSection
	GlobalSection(ProjectConfigurationPlatforms) = postSolution
		{3EE910D8-0B1D-4DDE-86F8-F9E198B41368}.Debug|Any CPU.ActiveCfg = Debug|Any CPU
		{3EE910D8-0B1D-4DDE-86F8-F9E198B41368}.Debug|Any CPU.Build.0 = Debug|Any CPU
		{3EE910D8-0B1D-4DDE-86F8-F9E198B41368}.Release|Any CPU.ActiveCfg = Release|Any CPU
		{3EE910D8-0B1D-4DDE-86F8-F9E198B41368}.Release|Any CPU.Build.0 = Release|Any CPU
		{7C417F34-A6A2-466F-B997-A9E68A8BF1C9}.Debug|Any CPU.ActiveCfg = Debug|Any CPU
		{7C417F34-A6A2-466F-B997-A9E68A8BF1C9}.Debug|Any CPU.Build.0 = Debug|Any CPU
		{7C417F34-A6A2-466F-B997-A9E68A8BF1C9}.Release|Any CPU.ActiveCfg = Release|Any CPU
		{7C417F34-A6A2-466F-B997-A9E68A8BF1C9}.Release|Any CPU.Build.0 = Release|Any CPU
	EndGlobalSection
	GlobalSection(SolutionProperties) = preSolution
		HideSolutionNode = FALSE
	EndGlobalSection
	GlobalSection(ExtensibilityGlobals) = postSolution
		SolutionGuid = {DAC4F7C0-0608-4E01-BC1A-1EE516697E38}
	EndGlobalSection
EndGlobal
